PODS:
  - Hue (2.0.1)
  - Mapbox-iOS-SDK (3.5.4)
  - NextGrowingTextView (1.1.0)
  - SideMenu (2.3.2)
  - SwiftyStateMachine (0.3.0)

DEPENDENCIES:
  - Hue
  - Mapbox-iOS-SDK
  - NextGrowingTextView
  - SideMenu
  - SwiftyStateMachine (from `https://github.com/OnePieceLv/SwiftyStateMachine.git`, branch `Swift-3.0`)

EXTERNAL SOURCES:
  SwiftyStateMachine:
    :branch: Swift-3.0
    :git: https://github.com/OnePieceLv/SwiftyStateMachine.git

CHECKOUT OPTIONS:
  SwiftyStateMachine:
    :commit: 076a469bfdf7923de1e0916417655bfe417b9006
    :git: https://github.com/OnePieceLv/SwiftyStateMachine.git

SPEC CHECKSUMS:
  Hue: 354caec055fdc9d38b5ef33ca2e7224721843baf
  Mapbox-iOS-SDK: 81197829dcf4c4ed9a593b7a95462881b5f1309a
  NextGrowingTextView: ad11259355559362ac82046438152a312aa0d7ee
  SideMenu: 3fa07dd05d4bade2b6f9889fb1877e312e1ba319
  SwiftyStateMachine: 064b3983708aea40169ea60adabbe4ae08885198

PODFILE CHECKSUM: 3575a855a85acfa15f081b6c2e863ac213c50483

COCOAPODS: 1.2.1.rc.1
