PODS:
  - Mapbox-iOS-SDK (3.5.3)
  - SideMenu (2.3.2)
  - SwiftyStateMachine (0.3.0)

DEPENDENCIES:
  - Mapbox-iOS-SDK
  - SideMenu
  - SwiftyStateMachine (from `https://github.com/OnePieceLv/SwiftyStateMachine.git`, branch `Swift-3.0`)

EXTERNAL SOURCES:
  SwiftyStateMachine:
    :branch: Swift-3.0
    :git: https://github.com/OnePieceLv/SwiftyStateMachine.git

CHECKOUT OPTIONS:
  SwiftyStateMachine:
    :commit: 076a469bfdf7923de1e0916417655bfe417b9006
    :git: https://github.com/OnePieceLv/SwiftyStateMachine.git

SPEC CHECKSUMS:
  Mapbox-iOS-SDK: 742c77226b2f1e881844319d23d9f1aa2fb042bb
  SideMenu: 3fa07dd05d4bade2b6f9889fb1877e312e1ba319
  SwiftyStateMachine: 064b3983708aea40169ea60adabbe4ae08885198

PODFILE CHECKSUM: 9e6fa0fae7f16b6103260862432bd0b2a66ce736

COCOAPODS: 1.2.1.rc.1
